
Microsoft Visual Studio Solution File, Format Version 12.00
# Visual Studio Version 17
VisualStudioVersion = 17.5.002.0
MinimumVisualStudioVersion = 10.0.40219.1
Project("{9A19103F-16F7-4668-BE54-9A1E7A4F7556}") = "Teste_funcao", "Teste_funcao.csproj", "{BBAE5657-E3BF-46F8-8E8D-0F78F4838C01}"
EndProject
Global
	GlobalSection(SolutionConfigurationPlatforms) = preSolution
		Debug|Any CPU = Debug|Any CPU
		Release|Any CPU = Release|Any CPU
	EndGlobalSection
	GlobalSection(ProjectConfigurationPlatforms) = postSolution
		{BBAE5657-E3BF-46F8-8E8D-0F78F4838C01}.Debug|Any CPU.ActiveCfg = Debug|Any CPU
		{BBAE5657-E3BF-46F8-8E8D-0F78F4838C01}.Debug|Any CPU.Build.0 = Debug|Any CPU
		{BBAE5657-E3BF-46F8-8E8D-0F78F4838C01}.Release|Any CPU.ActiveCfg = Release|Any CPU
		{BBAE5657-E3BF-46F8-8E8D-0F78F4838C01}.Release|Any CPU.Build.0 = Release|Any CPU
	EndGlobalSection
	GlobalSection(SolutionProperties) = preSolution
		HideSolutionNode = FALSE
	EndGlobalSection
	GlobalSection(ExtensibilityGlobals) = postSolution
		SolutionGuid = {1910E8B7-DA41-43BF-9984-F83C106DF4E7}
	EndGlobalSection
EndGlobal
